
Microsoft Visual Studio Solution File, Format Version 12.00
# Visual Studio Version 16
VisualStudioVersion = 16.0.29123.88
MinimumVisualStudioVersion = 10.0.40219.1
Project("{8BC9CEB8-8B4A-11D0-8D11-00A0C91BC942}") = "dx12Engine", "dx12Engine\dx12Engine.vcxproj", "{F5957088-020F-43BA-87E1-1F4F56375242}"
EndProject
Global
	GlobalSection(SolutionConfigurationPlatforms) = preSolution
		Debug|x64 = Debug|x64
		Debug|x86 = Debug|x86
		Release|x64 = Release|x64
		Release|x86 = Release|x86
	EndGlobalSection
	GlobalSection(ProjectConfigurationPlatforms) = postSolution
		{F5957088-020F-43BA-87E1-1F4F56375242}.Debug|x64.ActiveCfg = Debug|x64
		{F5957088-020F-43BA-87E1-1F4F56375242}.Debug|x64.Build.0 = Debug|x64
		{F5957088-020F-43BA-87E1-1F4F56375242}.Debug|x86.ActiveCfg = Debug|Win32
		{F5957088-020F-43BA-87E1-1F4F56375242}.Debug|x86.Build.0 = Debug|Win32
		{F5957088-020F-43BA-87E1-1F4F56375242}.Release|x64.ActiveCfg = Release|x64
		{F5957088-020F-43BA-87E1-1F4F56375242}.Release|x64.Build.0 = Release|x64
		{F5957088-020F-43BA-87E1-1F4F56375242}.Release|x86.ActiveCfg = Release|Win32
		{F5957088-020F-43BA-87E1-1F4F56375242}.Release|x86.Build.0 = Release|Win32
	EndGlobalSection
	GlobalSection(SolutionProperties) = preSolution
		HideSolutionNode = FALSE
	EndGlobalSection
	GlobalSection(ExtensibilityGlobals) = postSolution
		SolutionGuid = {BBCCD400-3A8C-4C41-8DEF-8E2F74BEA925}
	EndGlobalSection
EndGlobal
